// !$*UTF8*$!
{
	archiveVersion = 1;
	classes = {
	};
	objectVersion = 50;
	objects = {

/* Begin PBXBuildFile section */
		FC36F5E420CB49AA00165D04 /* AlertasViewController.swift in Sources */ = {isa = PBXBuildFile; fileRef = FC36F5E320CB49AA00165D04 /* AlertasViewController.swift */; };
		FC47960A20C20E5A00A58945 /* AppDelegate.swift in Sources */ = {isa = PBXBuildFile; fileRef = FC47960920C20E5A00A58945 /* AppDelegate.swift */; };
		FC47960C20C20E5A00A58945 /* ViewController.swift in Sources */ = {isa = PBXBuildFile; fileRef = FC47960B20C20E5A00A58945 /* ViewController.swift */; };
		FC47960E20C20E6200A58945 /* Assets.xcassets in Resources */ = {isa = PBXBuildFile; fileRef = FC47960D20C20E6200A58945 /* Assets.xcassets */; };
		FC47961120C20E6200A58945 /* Main.storyboard in Resources */ = {isa = PBXBuildFile; fileRef = FC47960F20C20E6200A58945 /* Main.storyboard */; };
		FC47961E20C222F200A58945 /* SaludoViewController.swift in Sources */ = {isa = PBXBuildFile; fileRef = FC47961D20C222F200A58945 /* SaludoViewController.swift */; };
/* End PBXBuildFile section */

/* Begin PBXFileReference section */
		FC36F5E320CB49AA00165D04 /* AlertasViewController.swift */ = {isa = PBXFileReference; lastKnownFileType = sourcecode.swift; path = AlertasViewController.swift; sourceTree = "<group>"; };
		FC47960620C20E5A00A58945 /* App1mtwdm.app */ = {isa = PBXFileReference; explicitFileType = wrapper.application; includeInIndex = 0; path = App1mtwdm.app; sourceTree = BUILT_PRODUCTS_DIR; };
		FC47960920C20E5A00A58945 /* AppDelegate.swift */ = {isa = PBXFileReference; lastKnownFileType = sourcecode.swift; path = AppDelegate.swift; sourceTree = "<group>"; };
		FC47960B20C20E5A00A58945 /* ViewController.swift */ = {isa = PBXFileReference; lastKnownFileType = sourcecode.swift; path = ViewController.swift; sourceTree = "<group>"; };
		FC47960D20C20E6200A58945 /* Assets.xcassets */ = {isa = PBXFileReference; lastKnownFileType = folder.assetcatalog; path = Assets.xcassets; sourceTree = "<group>"; };
		FC47961020C20E6200A58945 /* Base */ = {isa = PBXFileReference; lastKnownFileType = file.storyboard; name = Base; path = Base.lproj/Main.storyboard; sourceTree = "<group>"; };
		FC47961220C20E6200A58945 /* Info.plist */ = {isa = PBXFileReference; lastKnownFileType = text.plist.xml; path = Info.plist; sourceTree = "<group>"; };
		FC47961320C20E6200A58945 /* App1mtwdm.entitlements */ = {isa = PBXFileReference; lastKnownFileType = text.plist.entitlements; path = App1mtwdm.entitlements; sourceTree = "<group>"; };
		FC47961D20C222F200A58945 /* SaludoViewController.swift */ = {isa = PBXFileReference; lastKnownFileType = sourcecode.swift; path = SaludoViewController.swift; sourceTree = "<group>"; };
/* End PBXFileReference section */

/* Begin PBXFrameworksBuildPhase section */
		FC47960320C20E5A00A58945 /* Frameworks */ = {
			isa = PBXFrameworksBuildPhase;
			buildActionMask = 2147483647;
			files = (
			);
			runOnlyForDeploymentPostprocessing = 0;
		};
/* End PBXFrameworksBuildPhase section */

/* Begin PBXGroup section */
		FC4795FD20C20E5A00A58945 = {
			isa = PBXGroup;
			children = (
				FC47960820C20E5A00A58945 /* App1mtwdm */,
				FC47960720C20E5A00A58945 /* Products */,
			);
			sourceTree = "<group>";
		};
		FC47960720C20E5A00A58945 /* Products */ = {
			isa = PBXGroup;
			children = (
				FC47960620C20E5A00A58945 /* App1mtwdm.app */,
			);
			name = Products;
			sourceTree = "<group>";
		};
		FC47960820C20E5A00A58945 /* App1mtwdm */ = {
			isa = PBXGroup;
			children = (
				FC47960920C20E5A00A58945 /* AppDelegate.swift */,
				FC47960B20C20E5A00A58945 /* ViewController.swift */,
				FC47961D20C222F200A58945 /* SaludoViewController.swift */,
				FC47960D20C20E6200A58945 /* Assets.xcassets */,
				FC47960F20C20E6200A58945 /* Main.storyboard */,
				FC47961220C20E6200A58945 /* Info.plist */,
				FC47961320C20E6200A58945 /* App1mtwdm.entitlements */,
				FC36F5E320CB49AA00165D04 /* AlertasViewController.swift */,
			);
			path = App1mtwdm;
			sourceTree = "<group>";
		};
/* End PBXGroup section */

/* Begin PBXNativeTarget section */
		FC47960520C20E5A00A58945 /* App1mtwdm */ = {
			isa = PBXNativeTarget;
			buildConfigurationList = FC47961620C20E6300A58945 /* Build configuration list for PBXNativeTarget "App1mtwdm" */;
			buildPhases = (
				FC47960220C20E5A00A58945 /* Sources */,
				FC47960320C20E5A00A58945 /* Frameworks */,
				FC47960420C20E5A00A58945 /* Resources */,
			);
			buildRules = (
			);
			dependencies = (
			);
			name = App1mtwdm;
			productName = App1mtwdm;
			productReference = FC47960620C20E5A00A58945 /* App1mtwdm.app */;
			productType = "com.apple.product-type.application";
		};
/* End PBXNativeTarget section */

/* Begin PBXProject section */
		FC4795FE20C20E5A00A58945 /* Project object */ = {
			isa = PBXProject;
			attributes = {
				LastSwiftUpdateCheck = 0930;
				LastUpgradeCheck = 0930;
				ORGANIZATIONNAME = "Felipe Hernandez";
				TargetAttributes = {
					FC47960520C20E5A00A58945 = {
						CreatedOnToolsVersion = 9.3.1;
						SystemCapabilities = {
							com.apple.Sandbox = {
								enabled = 0;
							};
						};
					};
				};
			};
			buildConfigurationList = FC47960120C20E5A00A58945 /* Build configuration list for PBXProject "App1mtwdm" */;
			compatibilityVersion = "Xcode 9.3";
			developmentRegion = en;
			hasScannedForEncodings = 0;
			knownRegions = (
				en,
				Base,
			);
			mainGroup = FC4795FD20C20E5A00A58945;
			productRefGroup = FC47960720C20E5A00A58945 /* Products */;
			projectDirPath = "";
			projectRoot = "";
			targets = (
				FC47960520C20E5A00A58945 /* App1mtwdm */,
			);
		};
/* End PBXProject section */

/* Begin PBXResourcesBuildPhase section */
		FC47960420C20E5A00A58945 /* Resources */ = {
			isa = PBXResourcesBuildPhase;
			buildActionMask = 2147483647;
			files = (
				FC47960E20C20E6200A58945 /* Assets.xcassets in Resources */,
				FC47961120C20E6200A58945 /* Main.storyboard in Resources */,
			);
			runOnlyForDeploymentPostprocessing = 0;
		};
/* End PBXResourcesBuildPhase section */

/* Begin PBXSourcesBuildPhase section */
		FC47960220C20E5A00A58945 /* Sources */ = {
			isa = PBXSourcesBuildPhase;
			buildActionMask = 2147483647;
			files = (
				FC47961E20C222F200A58945 /* SaludoViewController.swift in Sources */,
				FC47960C20C20E5A00A58945 /* ViewController.swift in Sources */,
				FC47960A20C20E5A00A58945 /* AppDelegate.swift in Sources */,
				FC36F5E420CB49AA00165D04 /* AlertasViewController.swift in Sources */,
			);
			runOnlyForDeploymentPostprocessing = 0;
		};
/* End PBXSourcesBuildPhase section */

/* Begin PBXVariantGroup section */
		FC47960F20C20E6200A58945 /* Main.storyboard */ = {
			isa = PBXVariantGroup;
			children = (
				FC47961020C20E6200A58945 /* Base */,
			);
			name = Main.storyboard;
			sourceTree = "<group>";
		};
/* End PBXVariantGroup section */

/* Begin XCBuildConfiguration section */
		FC47961420C20E6200A58945 /* Debug */ = {
			isa = XCBuildConfiguration;
			buildSettings = {
				ALWAYS_SEARCH_USER_PATHS = NO;
				CLANG_ANALYZER_NONNULL = YES;
				CLANG_ANALYZER_NUMBER_OBJECT_CONVERSION = YES_AGGRESSIVE;
				CLANG_CXX_LANGUAGE_STANDARD = "gnu++14";
				CLANG_CXX_LIBRARY = "libc++";
				CLANG_ENABLE_MODULES = YES;
				CLANG_ENABLE_OBJC_ARC = YES;
				CLANG_ENABLE_OBJC_WEAK = YES;
				CLANG_WARN_BLOCK_CAPTURE_AUTORELEASING = YES;
				CLANG_WARN_BOOL_CONVERSION = YES;
				CLANG_WARN_COMMA = YES;
				CLANG_WARN_CONSTANT_CONVERSION = YES;
				CLANG_WARN_DEPRECATED_OBJC_IMPLEMENTATIONS = YES;
				CLANG_WARN_DIRECT_OBJC_ISA_USAGE = YES_ERROR;
				CLANG_WARN_DOCUMENTATION_COMMENTS = YES;
				CLANG_WARN_EMPTY_BODY = YES;
				CLANG_WARN_ENUM_CONVERSION = YES;
				CLANG_WARN_INFINITE_RECURSION = YES;
				CLANG_WARN_INT_CONVERSION = YES;
				CLANG_WARN_NON_LITERAL_NULL_CONVERSION = YES;
				CLANG_WARN_OBJC_IMPLICIT_RETAIN_SELF = YES;
				CLANG_WARN_OBJC_LITERAL_CONVERSION = YES;
				CLANG_WARN_OBJC_ROOT_CLASS = YES_ERROR;
				CLANG_WARN_RANGE_LOOP_ANALYSIS = YES;
				CLANG_WARN_STRICT_PROTOTYPES = YES;
				CLANG_WARN_SUSPICIOUS_MOVE = YES;
				CLANG_WARN_UNGUARDED_AVAILABILITY = YES_AGGRESSIVE;
				CLANG_WARN_UNREACHABLE_CODE = YES;
				CLANG_WARN__DUPLICATE_METHOD_MATCH = YES;
				CODE_SIGN_IDENTITY = "-";
				COPY_PHASE_STRIP = NO;
				DEBUG_INFORMATION_FORMAT = dwarf;
				ENABLE_STRICT_OBJC_MSGSEND = YES;
				ENABLE_TESTABILITY = YES;
				GCC_C_LANGUAGE_STANDARD = gnu11;
				GCC_DYNAMIC_NO_PIC = NO;
				GCC_NO_COMMON_BLOCKS = YES;
				GCC_OPTIMIZATION_LEVEL = 0;
				GCC_PREPROCESSOR_DEFINITIONS = (
					"DEBUG=1",
					"$(inherited)",
				);
				GCC_WARN_64_TO_32_BIT_CONVERSION = YES;
				GCC_WARN_ABOUT_RETURN_TYPE = YES_ERROR;
				GCC_WARN_UNDECLARED_SELECTOR = YES;
				GCC_WARN_UNINITIALIZED_AUTOS = YES_AGGRESSIVE;
				GCC_WARN_UNUSED_FUNCTION = YES;
				GCC_WARN_UNUSED_VARIABLE = YES;
				MACOSX_DEPLOYMENT_TARGET = 10.13;
				MTL_ENABLE_DEBUG_INFO = YES;
				ONLY_ACTIVE_ARCH = YES;
				SDKROOT = macosx;
				SWIFT_ACTIVE_COMPILATION_CONDITIONS = DEBUG;
				SWIFT_OPTIMIZATION_LEVEL = "-Onone";
			};
			name = Debug;
		};
		FC47961520C20E6200A58945 /* Release */ = {
			isa = XCBuildConfiguration;
			buildSettings = {
				ALWAYS_SEARCH_USER_PATHS = NO;
				CLANG_ANALYZER_NONNULL = YES;
				CLANG_ANALYZER_NUMBER_OBJECT_CONVERSION = YES_AGGRESSIVE;
				CLANG_CXX_LANGUAGE_STANDARD = "gnu++14";
				CLANG_CXX_LIBRARY = "libc++";
				CLANG_ENABLE_MODULES = YES;
				CLANG_ENABLE_OBJC_ARC = YES;
				CLANG_ENABLE_OBJC_WEAK = YES;
				CLANG_WARN_BLOCK_CAPTURE_AUTORELEASING = YES;
				CLANG_WARN_BOOL_CONVERSION = YES;
				CLANG_WARN_COMMA = YES;
				CLANG_WARN_CONSTANT_CONVERSION = YES;
				CLANG_WARN_DEPRECATED_OBJC_IMPLEMENTATIONS = YES;
				CLANG_WARN_DIRECT_OBJC_ISA_USAGE = YES_ERROR;
				CLANG_WARN_DOCUMENTATION_COMMENTS = YES;
				CLANG_WARN_EMPTY_BODY = YES;
				CLANG_WARN_ENUM_CONVERSION = YES;
				CLANG_WARN_INFINITE_RECURSION = YES;
				CLANG_WARN_INT_CONVERSION = YES;
				CLANG_WARN_NON_LITERAL_NULL_CONVERSION = YES;
				CLANG_WARN_OBJC_IMPLICIT_RETAIN_SELF = YES;
				CLANG_WARN_OBJC_LITERAL_CONVERSION = YES;
				CLANG_WARN_OBJC_ROOT_CLASS = YES_ERROR;
				CLANG_WARN_RANGE_LOOP_ANALYSIS = YES;
				CLANG_WARN_STRICT_PROTOTYPES = YES;
				CLANG_WARN_SUSPICIOUS_MOVE = YES;
				CLANG_WARN_UNGUARDED_AVAILABILITY = YES_AGGRESSIVE;
				CLANG_WARN_UNREACHABLE_CODE = YES;
				CLANG_WARN__DUPLICATE_METHOD_MATCH = YES;
				CODE_SIGN_IDENTITY = "-";
				COPY_PHASE_STRIP = NO;
				DEBUG_INFORMATION_FORMAT = "dwarf-with-dsym";
				ENABLE_NS_ASSERTIONS = NO;
				ENABLE_STRICT_OBJC_MSGSEND = YES;
				GCC_C_LANGUAGE_STANDARD = gnu11;
				GCC_NO_COMMON_BLOCKS = YES;
				GCC_WARN_64_TO_32_BIT_CONVERSION = YES;
				GCC_WARN_ABOUT_RETURN_TYPE = YES_ERROR;
				GCC_WARN_UNDECLARED_SELECTOR = YES;
				GCC_WARN_UNINITIALIZED_AUTOS = YES_AGGRESSIVE;
				GCC_WARN_UNUSED_FUNCTION = YES;
				GCC_WARN_UNUSED_VARIABLE = YES;
				MACOSX_DEPLOYMENT_TARGET = 10.13;
				MTL_ENABLE_DEBUG_INFO = NO;
				SDKROOT = macosx;
				SWIFT_COMPILATION_MODE = wholemodule;
				SWIFT_OPTIMIZATION_LEVEL = "-O";
			};
			name = Release;
		};
		FC47961720C20E6300A58945 /* Debug */ = {
			isa = XCBuildConfiguration;
			buildSettings = {
				ASSETCATALOG_COMPILER_APPICON_NAME = AppIcon;
				CODE_SIGN_STYLE = Automatic;
				COMBINE_HIDPI_IMAGES = YES;
				INFOPLIST_FILE = App1mtwdm/Info.plist;
				LD_RUNPATH_SEARCH_PATHS = (
					"$(inherited)",
					"@executable_path/../Frameworks",
				);
				PRODUCT_BUNDLE_IDENTIFIER = com.felipehernandez.app1.App1mtwdm;
				PRODUCT_NAME = "$(TARGET_NAME)";
				SWIFT_VERSION = 4.0;
			};
			name = Debug;
		};
		FC47961820C20E6300A58945 /* Release */ = {
			isa = XCBuildConfiguration;
			buildSettings = {
				ASSETCATALOG_COMPILER_APPICON_NAME = AppIcon;
				CODE_SIGN_STYLE = Automatic;
				COMBINE_HIDPI_IMAGES = YES;
				INFOPLIST_FILE = App1mtwdm/Info.plist;
				LD_RUNPATH_SEARCH_PATHS = (
					"$(inherited)",
					"@executable_path/../Frameworks",
				);
				PRODUCT_BUNDLE_IDENTIFIER = com.felipehernandez.app1.App1mtwdm;
				PRODUCT_NAME = "$(TARGET_NAME)";
				SWIFT_VERSION = 4.0;
			};
			name = Release;
		};
/* End XCBuildConfiguration section */

/* Begin XCConfigurationList section */
		FC47960120C20E5A00A58945 /* Build configuration list for PBXProject "App1mtwdm" */ = {
			isa = XCConfigurationList;
			buildConfigurations = (
				FC47961420C20E6200A58945 /* Debug */,
				FC47961520C20E6200A58945 /* Release */,
			);
			defaultConfigurationIsVisible = 0;
			defaultConfigurationName = Release;
		};
		FC47961620C20E6300A58945 /* Build configuration list for PBXNativeTarget "App1mtwdm" */ = {
			isa = XCConfigurationList;
			buildConfigurations = (
				FC47961720C20E6300A58945 /* Debug */,
				FC47961820C20E6300A58945 /* Release */,
			);
			defaultConfigurationIsVisible = 0;
			defaultConfigurationName = Release;
		};
/* End XCConfigurationList section */
	};
	rootObject = FC4795FE20C20E5A00A58945 /* Project object */;
}
