// !$*UTF8*$!
{
	archiveVersion = 1;
	classes = {
	};
	objectVersion = 50;
	objects = {

/* Begin PBXBuildFile section */
		FC47F0E020D48CB0003D1DFB /* AppDelegate.swift in Sources */ = {isa = PBXBuildFile; fileRef = FC47F0DF20D48CB0003D1DFB /* AppDelegate.swift */; };
		FC47F0E220D48CB0003D1DFB /* ViewController.swift in Sources */ = {isa = PBXBuildFile; fileRef = FC47F0E120D48CB0003D1DFB /* ViewController.swift */; };
		FC47F0E420D48CB2003D1DFB /* Assets.xcassets in Resources */ = {isa = PBXBuildFile; fileRef = FC47F0E320D48CB2003D1DFB /* Assets.xcassets */; };
		FC47F0E720D48CB2003D1DFB /* Main.storyboard in Resources */ = {isa = PBXBuildFile; fileRef = FC47F0E520D48CB2003D1DFB /* Main.storyboard */; };
		FC47F0F020D490EB003D1DFB /* Persona.swift in Sources */ = {isa = PBXBuildFile; fileRef = FC47F0EF20D490EB003D1DFB /* Persona.swift */; };
		FC59EFD020DDBD7300F3786A /* WebKit.framework in Frameworks */ = {isa = PBXBuildFile; fileRef = FC59EFCF20DDBD7300F3786A /* WebKit.framework */; };
		FC59EFD220DDBDCA00F3786A /* BrowserViewController.swift in Sources */ = {isa = PBXBuildFile; fileRef = FC59EFD120DDBDC900F3786A /* BrowserViewController.swift */; };
/* End PBXBuildFile section */

/* Begin PBXFileReference section */
		FC47F0DC20D48CB0003D1DFB /* App4mtwdm.app */ = {isa = PBXFileReference; explicitFileType = wrapper.application; includeInIndex = 0; path = App4mtwdm.app; sourceTree = BUILT_PRODUCTS_DIR; };
		FC47F0DF20D48CB0003D1DFB /* AppDelegate.swift */ = {isa = PBXFileReference; lastKnownFileType = sourcecode.swift; path = AppDelegate.swift; sourceTree = "<group>"; };
		FC47F0E120D48CB0003D1DFB /* ViewController.swift */ = {isa = PBXFileReference; lastKnownFileType = sourcecode.swift; path = ViewController.swift; sourceTree = "<group>"; };
		FC47F0E320D48CB2003D1DFB /* Assets.xcassets */ = {isa = PBXFileReference; lastKnownFileType = folder.assetcatalog; path = Assets.xcassets; sourceTree = "<group>"; };
		FC47F0E620D48CB2003D1DFB /* Base */ = {isa = PBXFileReference; lastKnownFileType = file.storyboard; name = Base; path = Base.lproj/Main.storyboard; sourceTree = "<group>"; };
		FC47F0E820D48CB2003D1DFB /* Info.plist */ = {isa = PBXFileReference; lastKnownFileType = text.plist.xml; path = Info.plist; sourceTree = "<group>"; };
		FC47F0E920D48CB2003D1DFB /* App4mtwdm.entitlements */ = {isa = PBXFileReference; lastKnownFileType = text.plist.entitlements; path = App4mtwdm.entitlements; sourceTree = "<group>"; };
		FC47F0EF20D490EB003D1DFB /* Persona.swift */ = {isa = PBXFileReference; lastKnownFileType = sourcecode.swift; path = Persona.swift; sourceTree = "<group>"; };
		FC59EFCF20DDBD7300F3786A /* WebKit.framework */ = {isa = PBXFileReference; lastKnownFileType = wrapper.framework; name = WebKit.framework; path = System/Library/Frameworks/WebKit.framework; sourceTree = SDKROOT; };
		FC59EFD120DDBDC900F3786A /* BrowserViewController.swift */ = {isa = PBXFileReference; lastKnownFileType = sourcecode.swift; path = BrowserViewController.swift; sourceTree = "<group>"; };
/* End PBXFileReference section */

/* Begin PBXFrameworksBuildPhase section */
		FC47F0D920D48CB0003D1DFB /* Frameworks */ = {
			isa = PBXFrameworksBuildPhase;
			buildActionMask = 2147483647;
			files = (
				FC59EFD020DDBD7300F3786A /* WebKit.framework in Frameworks */,
			);
			runOnlyForDeploymentPostprocessing = 0;
		};
/* End PBXFrameworksBuildPhase section */

/* Begin PBXGroup section */
		FC47F0D320D48CB0003D1DFB = {
			isa = PBXGroup;
			children = (
				FC47F0DE20D48CB0003D1DFB /* App4mtwdm */,
				FC47F0DD20D48CB0003D1DFB /* Products */,
				FC59EFCE20DDBD7200F3786A /* Frameworks */,
			);
			sourceTree = "<group>";
		};
		FC47F0DD20D48CB0003D1DFB /* Products */ = {
			isa = PBXGroup;
			children = (
				FC47F0DC20D48CB0003D1DFB /* App4mtwdm.app */,
			);
			name = Products;
			sourceTree = "<group>";
		};
		FC47F0DE20D48CB0003D1DFB /* App4mtwdm */ = {
			isa = PBXGroup;
			children = (
				FC47F0F720D4927B003D1DFB /* Imagenes */,
				FC47F0F620D4926E003D1DFB /* Configuraciones */,
				FC47F0F520D4924E003D1DFB /* Controlador */,
				FC47F0F320D491F3003D1DFB /* Vistas */,
				FC47F0F120D491BF003D1DFB /* Modelo */,
				FC47F0DF20D48CB0003D1DFB /* AppDelegate.swift */,
				FC47F0E920D48CB2003D1DFB /* App4mtwdm.entitlements */,
			);
			path = App4mtwdm;
			sourceTree = "<group>";
		};
		FC47F0F120D491BF003D1DFB /* Modelo */ = {
			isa = PBXGroup;
			children = (
				FC47F0EF20D490EB003D1DFB /* Persona.swift */,
			);
			name = Modelo;
			sourceTree = "<group>";
		};
		FC47F0F320D491F3003D1DFB /* Vistas */ = {
			isa = PBXGroup;
			children = (
				FC47F0E520D48CB2003D1DFB /* Main.storyboard */,
			);
			name = Vistas;
			sourceTree = "<group>";
		};
		FC47F0F520D4924E003D1DFB /* Controlador */ = {
			isa = PBXGroup;
			children = (
				FC47F0E120D48CB0003D1DFB /* ViewController.swift */,
				FC59EFD120DDBDC900F3786A /* BrowserViewController.swift */,
			);
			name = Controlador;
			sourceTree = "<group>";
		};
		FC47F0F620D4926E003D1DFB /* Configuraciones */ = {
			isa = PBXGroup;
			children = (
				FC47F0E820D48CB2003D1DFB /* Info.plist */,
			);
			name = Configuraciones;
			sourceTree = "<group>";
		};
		FC47F0F720D4927B003D1DFB /* Imagenes */ = {
			isa = PBXGroup;
			children = (
				FC47F0E320D48CB2003D1DFB /* Assets.xcassets */,
			);
			name = Imagenes;
			sourceTree = "<group>";
		};
		FC59EFCE20DDBD7200F3786A /* Frameworks */ = {
			isa = PBXGroup;
			children = (
				FC59EFCF20DDBD7300F3786A /* WebKit.framework */,
			);
			name = Frameworks;
			sourceTree = "<group>";
		};
/* End PBXGroup section */

/* Begin PBXNativeTarget section */
		FC47F0DB20D48CB0003D1DFB /* App4mtwdm */ = {
			isa = PBXNativeTarget;
			buildConfigurationList = FC47F0EC20D48CB2003D1DFB /* Build configuration list for PBXNativeTarget "App4mtwdm" */;
			buildPhases = (
				FC47F0D820D48CB0003D1DFB /* Sources */,
				FC47F0D920D48CB0003D1DFB /* Frameworks */,
				FC47F0DA20D48CB0003D1DFB /* Resources */,
			);
			buildRules = (
			);
			dependencies = (
			);
			name = App4mtwdm;
			productName = App4mtwdm;
			productReference = FC47F0DC20D48CB0003D1DFB /* App4mtwdm.app */;
			productType = "com.apple.product-type.application";
		};
/* End PBXNativeTarget section */

/* Begin PBXProject section */
		FC47F0D420D48CB0003D1DFB /* Project object */ = {
			isa = PBXProject;
			attributes = {
				LastSwiftUpdateCheck = 0940;
				LastUpgradeCheck = 0940;
				ORGANIZATIONNAME = "Felipe Hernandez";
				TargetAttributes = {
					FC47F0DB20D48CB0003D1DFB = {
						CreatedOnToolsVersion = 9.4;
						SystemCapabilities = {
							com.apple.Sandbox = {
								enabled = 0;
							};
						};
					};
				};
			};
			buildConfigurationList = FC47F0D720D48CB0003D1DFB /* Build configuration list for PBXProject "App4mtwdm" */;
			compatibilityVersion = "Xcode 9.3";
			developmentRegion = en;
			hasScannedForEncodings = 0;
			knownRegions = (
				en,
				Base,
			);
			mainGroup = FC47F0D320D48CB0003D1DFB;
			productRefGroup = FC47F0DD20D48CB0003D1DFB /* Products */;
			projectDirPath = "";
			projectRoot = "";
			targets = (
				FC47F0DB20D48CB0003D1DFB /* App4mtwdm */,
			);
		};
/* End PBXProject section */

/* Begin PBXResourcesBuildPhase section */
		FC47F0DA20D48CB0003D1DFB /* Resources */ = {
			isa = PBXResourcesBuildPhase;
			buildActionMask = 2147483647;
			files = (
				FC47F0E420D48CB2003D1DFB /* Assets.xcassets in Resources */,
				FC47F0E720D48CB2003D1DFB /* Main.storyboard in Resources */,
			);
			runOnlyForDeploymentPostprocessing = 0;
		};
/* End PBXResourcesBuildPhase section */

/* Begin PBXSourcesBuildPhase section */
		FC47F0D820D48CB0003D1DFB /* Sources */ = {
			isa = PBXSourcesBuildPhase;
			buildActionMask = 2147483647;
			files = (
				FC47F0F020D490EB003D1DFB /* Persona.swift in Sources */,
				FC59EFD220DDBDCA00F3786A /* BrowserViewController.swift in Sources */,
				FC47F0E220D48CB0003D1DFB /* ViewController.swift in Sources */,
				FC47F0E020D48CB0003D1DFB /* AppDelegate.swift in Sources */,
			);
			runOnlyForDeploymentPostprocessing = 0;
		};
/* End PBXSourcesBuildPhase section */

/* Begin PBXVariantGroup section */
		FC47F0E520D48CB2003D1DFB /* Main.storyboard */ = {
			isa = PBXVariantGroup;
			children = (
				FC47F0E620D48CB2003D1DFB /* Base */,
			);
			name = Main.storyboard;
			sourceTree = "<group>";
		};
/* End PBXVariantGroup section */

/* Begin XCBuildConfiguration section */
		FC47F0EA20D48CB2003D1DFB /* Debug */ = {
			isa = XCBuildConfiguration;
			buildSettings = {
				ALWAYS_SEARCH_USER_PATHS = NO;
				CLANG_ANALYZER_NONNULL = YES;
				CLANG_ANALYZER_NUMBER_OBJECT_CONVERSION = YES_AGGRESSIVE;
				CLANG_CXX_LANGUAGE_STANDARD = "gnu++14";
				CLANG_CXX_LIBRARY = "libc++";
				CLANG_ENABLE_MODULES = YES;
				CLANG_ENABLE_OBJC_ARC = YES;
				CLANG_ENABLE_OBJC_WEAK = YES;
				CLANG_WARN_BLOCK_CAPTURE_AUTORELEASING = YES;
				CLANG_WARN_BOOL_CONVERSION = YES;
				CLANG_WARN_COMMA = YES;
				CLANG_WARN_CONSTANT_CONVERSION = YES;
				CLANG_WARN_DEPRECATED_OBJC_IMPLEMENTATIONS = YES;
				CLANG_WARN_DIRECT_OBJC_ISA_USAGE = YES_ERROR;
				CLANG_WARN_DOCUMENTATION_COMMENTS = YES;
				CLANG_WARN_EMPTY_BODY = YES;
				CLANG_WARN_ENUM_CONVERSION = YES;
				CLANG_WARN_INFINITE_RECURSION = YES;
				CLANG_WARN_INT_CONVERSION = YES;
				CLANG_WARN_NON_LITERAL_NULL_CONVERSION = YES;
				CLANG_WARN_OBJC_IMPLICIT_RETAIN_SELF = YES;
				CLANG_WARN_OBJC_LITERAL_CONVERSION = YES;
				CLANG_WARN_OBJC_ROOT_CLASS = YES_ERROR;
				CLANG_WARN_RANGE_LOOP_ANALYSIS = YES;
				CLANG_WARN_STRICT_PROTOTYPES = YES;
				CLANG_WARN_SUSPICIOUS_MOVE = YES;
				CLANG_WARN_UNGUARDED_AVAILABILITY = YES_AGGRESSIVE;
				CLANG_WARN_UNREACHABLE_CODE = YES;
				CLANG_WARN__DUPLICATE_METHOD_MATCH = YES;
				CODE_SIGN_IDENTITY = "-";
				COPY_PHASE_STRIP = NO;
				DEBUG_INFORMATION_FORMAT = dwarf;
				ENABLE_STRICT_OBJC_MSGSEND = YES;
				ENABLE_TESTABILITY = YES;
				GCC_C_LANGUAGE_STANDARD = gnu11;
				GCC_DYNAMIC_NO_PIC = NO;
				GCC_NO_COMMON_BLOCKS = YES;
				GCC_OPTIMIZATION_LEVEL = 0;
				GCC_PREPROCESSOR_DEFINITIONS = (
					"DEBUG=1",
					"$(inherited)",
				);
				GCC_WARN_64_TO_32_BIT_CONVERSION = YES;
				GCC_WARN_ABOUT_RETURN_TYPE = YES_ERROR;
				GCC_WARN_UNDECLARED_SELECTOR = YES;
				GCC_WARN_UNINITIALIZED_AUTOS = YES_AGGRESSIVE;
				GCC_WARN_UNUSED_FUNCTION = YES;
				GCC_WARN_UNUSED_VARIABLE = YES;
				MACOSX_DEPLOYMENT_TARGET = 10.13;
				MTL_ENABLE_DEBUG_INFO = YES;
				ONLY_ACTIVE_ARCH = YES;
				SDKROOT = macosx;
				SWIFT_ACTIVE_COMPILATION_CONDITIONS = DEBUG;
				SWIFT_OPTIMIZATION_LEVEL = "-Onone";
			};
			name = Debug;
		};
		FC47F0EB20D48CB2003D1DFB /* Release */ = {
			isa = XCBuildConfiguration;
			buildSettings = {
				ALWAYS_SEARCH_USER_PATHS = NO;
				CLANG_ANALYZER_NONNULL = YES;
				CLANG_ANALYZER_NUMBER_OBJECT_CONVERSION = YES_AGGRESSIVE;
				CLANG_CXX_LANGUAGE_STANDARD = "gnu++14";
				CLANG_CXX_LIBRARY = "libc++";
				CLANG_ENABLE_MODULES = YES;
				CLANG_ENABLE_OBJC_ARC = YES;
				CLANG_ENABLE_OBJC_WEAK = YES;
				CLANG_WARN_BLOCK_CAPTURE_AUTORELEASING = YES;
				CLANG_WARN_BOOL_CONVERSION = YES;
				CLANG_WARN_COMMA = YES;
				CLANG_WARN_CONSTANT_CONVERSION = YES;
				CLANG_WARN_DEPRECATED_OBJC_IMPLEMENTATIONS = YES;
				CLANG_WARN_DIRECT_OBJC_ISA_USAGE = YES_ERROR;
				CLANG_WARN_DOCUMENTATION_COMMENTS = YES;
				CLANG_WARN_EMPTY_BODY = YES;
				CLANG_WARN_ENUM_CONVERSION = YES;
				CLANG_WARN_INFINITE_RECURSION = YES;
				CLANG_WARN_INT_CONVERSION = YES;
				CLANG_WARN_NON_LITERAL_NULL_CONVERSION = YES;
				CLANG_WARN_OBJC_IMPLICIT_RETAIN_SELF = YES;
				CLANG_WARN_OBJC_LITERAL_CONVERSION = YES;
				CLANG_WARN_OBJC_ROOT_CLASS = YES_ERROR;
				CLANG_WARN_RANGE_LOOP_ANALYSIS = YES;
				CLANG_WARN_STRICT_PROTOTYPES = YES;
				CLANG_WARN_SUSPICIOUS_MOVE = YES;
				CLANG_WARN_UNGUARDED_AVAILABILITY = YES_AGGRESSIVE;
				CLANG_WARN_UNREACHABLE_CODE = YES;
				CLANG_WARN__DUPLICATE_METHOD_MATCH = YES;
				CODE_SIGN_IDENTITY = "-";
				COPY_PHASE_STRIP = NO;
				DEBUG_INFORMATION_FORMAT = "dwarf-with-dsym";
				ENABLE_NS_ASSERTIONS = NO;
				ENABLE_STRICT_OBJC_MSGSEND = YES;
				GCC_C_LANGUAGE_STANDARD = gnu11;
				GCC_NO_COMMON_BLOCKS = YES;
				GCC_WARN_64_TO_32_BIT_CONVERSION = YES;
				GCC_WARN_ABOUT_RETURN_TYPE = YES_ERROR;
				GCC_WARN_UNDECLARED_SELECTOR = YES;
				GCC_WARN_UNINITIALIZED_AUTOS = YES_AGGRESSIVE;
				GCC_WARN_UNUSED_FUNCTION = YES;
				GCC_WARN_UNUSED_VARIABLE = YES;
				MACOSX_DEPLOYMENT_TARGET = 10.13;
				MTL_ENABLE_DEBUG_INFO = NO;
				SDKROOT = macosx;
				SWIFT_COMPILATION_MODE = wholemodule;
				SWIFT_OPTIMIZATION_LEVEL = "-O";
			};
			name = Release;
		};
		FC47F0ED20D48CB2003D1DFB /* Debug */ = {
			isa = XCBuildConfiguration;
			buildSettings = {
				ASSETCATALOG_COMPILER_APPICON_NAME = AppIcon;
				CODE_SIGN_STYLE = Automatic;
				COMBINE_HIDPI_IMAGES = YES;
				INFOPLIST_FILE = App4mtwdm/Info.plist;
				LD_RUNPATH_SEARCH_PATHS = (
					"$(inherited)",
					"@executable_path/../Frameworks",
				);
				PRODUCT_BUNDLE_IDENTIFIER = com.felipehernandez.app1.App4mtwdm;
				PRODUCT_NAME = "$(TARGET_NAME)";
				SWIFT_VERSION = 4.0;
			};
			name = Debug;
		};
		FC47F0EE20D48CB2003D1DFB /* Release */ = {
			isa = XCBuildConfiguration;
			buildSettings = {
				ASSETCATALOG_COMPILER_APPICON_NAME = AppIcon;
				CODE_SIGN_STYLE = Automatic;
				COMBINE_HIDPI_IMAGES = YES;
				INFOPLIST_FILE = App4mtwdm/Info.plist;
				LD_RUNPATH_SEARCH_PATHS = (
					"$(inherited)",
					"@executable_path/../Frameworks",
				);
				PRODUCT_BUNDLE_IDENTIFIER = com.felipehernandez.app1.App4mtwdm;
				PRODUCT_NAME = "$(TARGET_NAME)";
				SWIFT_VERSION = 4.0;
			};
			name = Release;
		};
/* End XCBuildConfiguration section */

/* Begin XCConfigurationList section */
		FC47F0D720D48CB0003D1DFB /* Build configuration list for PBXProject "App4mtwdm" */ = {
			isa = XCConfigurationList;
			buildConfigurations = (
				FC47F0EA20D48CB2003D1DFB /* Debug */,
				FC47F0EB20D48CB2003D1DFB /* Release */,
			);
			defaultConfigurationIsVisible = 0;
			defaultConfigurationName = Release;
		};
		FC47F0EC20D48CB2003D1DFB /* Build configuration list for PBXNativeTarget "App4mtwdm" */ = {
			isa = XCConfigurationList;
			buildConfigurations = (
				FC47F0ED20D48CB2003D1DFB /* Debug */,
				FC47F0EE20D48CB2003D1DFB /* Release */,
			);
			defaultConfigurationIsVisible = 0;
			defaultConfigurationName = Release;
		};
/* End XCConfigurationList section */
	};
	rootObject = FC47F0D420D48CB0003D1DFB /* Project object */;
}
