// !$*UTF8*$!
{
	archiveVersion = 1;
	classes = {
	};
	objectVersion = 50;
	objects = {

/* Begin PBXBuildFile section */
		FC36F5F220CB581F00165D04 /* AppDelegate.swift in Sources */ = {isa = PBXBuildFile; fileRef = FC36F5F120CB581F00165D04 /* AppDelegate.swift */; };
		FC36F5F420CB581F00165D04 /* ViewController.swift in Sources */ = {isa = PBXBuildFile; fileRef = FC36F5F320CB581F00165D04 /* ViewController.swift */; };
		FC36F5F620CB582200165D04 /* Assets.xcassets in Resources */ = {isa = PBXBuildFile; fileRef = FC36F5F520CB582200165D04 /* Assets.xcassets */; };
		FC36F5F920CB582200165D04 /* Main.storyboard in Resources */ = {isa = PBXBuildFile; fileRef = FC36F5F720CB582200165D04 /* Main.storyboard */; };
		FC36F60220CB5A0400165D04 /* CustomViewcontroller.swift in Sources */ = {isa = PBXBuildFile; fileRef = FC36F60120CB5A0400165D04 /* CustomViewcontroller.swift */; };
		FC36F60620CB602700165D04 /* informacion.png in Resources */ = {isa = PBXBuildFile; fileRef = FC36F60520CB602700165D04 /* informacion.png */; };
/* End PBXBuildFile section */

/* Begin PBXFileReference section */
		FC36F5EE20CB581F00165D04 /* App2mtwdm.app */ = {isa = PBXFileReference; explicitFileType = wrapper.application; includeInIndex = 0; path = App2mtwdm.app; sourceTree = BUILT_PRODUCTS_DIR; };
		FC36F5F120CB581F00165D04 /* AppDelegate.swift */ = {isa = PBXFileReference; lastKnownFileType = sourcecode.swift; path = AppDelegate.swift; sourceTree = "<group>"; };
		FC36F5F320CB581F00165D04 /* ViewController.swift */ = {isa = PBXFileReference; lastKnownFileType = sourcecode.swift; path = ViewController.swift; sourceTree = "<group>"; };
		FC36F5F520CB582200165D04 /* Assets.xcassets */ = {isa = PBXFileReference; lastKnownFileType = folder.assetcatalog; path = Assets.xcassets; sourceTree = "<group>"; };
		FC36F5F820CB582200165D04 /* Base */ = {isa = PBXFileReference; lastKnownFileType = file.storyboard; name = Base; path = Base.lproj/Main.storyboard; sourceTree = "<group>"; };
		FC36F5FA20CB582200165D04 /* Info.plist */ = {isa = PBXFileReference; lastKnownFileType = text.plist.xml; path = Info.plist; sourceTree = "<group>"; };
		FC36F5FB20CB582200165D04 /* App2mtwdm.entitlements */ = {isa = PBXFileReference; lastKnownFileType = text.plist.entitlements; path = App2mtwdm.entitlements; sourceTree = "<group>"; };
		FC36F60120CB5A0400165D04 /* CustomViewcontroller.swift */ = {isa = PBXFileReference; lastKnownFileType = sourcecode.swift; path = CustomViewcontroller.swift; sourceTree = "<group>"; };
		FC36F60520CB602700165D04 /* informacion.png */ = {isa = PBXFileReference; lastKnownFileType = image.png; path = informacion.png; sourceTree = "<group>"; };
/* End PBXFileReference section */

/* Begin PBXFrameworksBuildPhase section */
		FC36F5EB20CB581F00165D04 /* Frameworks */ = {
			isa = PBXFrameworksBuildPhase;
			buildActionMask = 2147483647;
			files = (
			);
			runOnlyForDeploymentPostprocessing = 0;
		};
/* End PBXFrameworksBuildPhase section */

/* Begin PBXGroup section */
		FC36F5E520CB581F00165D04 = {
			isa = PBXGroup;
			children = (
				FC36F5F020CB581F00165D04 /* App2mtwdm */,
				FC36F5EF20CB581F00165D04 /* Products */,
			);
			sourceTree = "<group>";
		};
		FC36F5EF20CB581F00165D04 /* Products */ = {
			isa = PBXGroup;
			children = (
				FC36F5EE20CB581F00165D04 /* App2mtwdm.app */,
			);
			name = Products;
			sourceTree = "<group>";
		};
		FC36F5F020CB581F00165D04 /* App2mtwdm */ = {
			isa = PBXGroup;
			children = (
				FC36F60520CB602700165D04 /* informacion.png */,
				FC36F5F120CB581F00165D04 /* AppDelegate.swift */,
				FC36F5F320CB581F00165D04 /* ViewController.swift */,
				FC36F5F520CB582200165D04 /* Assets.xcassets */,
				FC36F5F720CB582200165D04 /* Main.storyboard */,
				FC36F5FA20CB582200165D04 /* Info.plist */,
				FC36F5FB20CB582200165D04 /* App2mtwdm.entitlements */,
				FC36F60120CB5A0400165D04 /* CustomViewcontroller.swift */,
			);
			path = App2mtwdm;
			sourceTree = "<group>";
		};
/* End PBXGroup section */

/* Begin PBXNativeTarget section */
		FC36F5ED20CB581F00165D04 /* App2mtwdm */ = {
			isa = PBXNativeTarget;
			buildConfigurationList = FC36F5FE20CB582200165D04 /* Build configuration list for PBXNativeTarget "App2mtwdm" */;
			buildPhases = (
				FC36F5EA20CB581F00165D04 /* Sources */,
				FC36F5EB20CB581F00165D04 /* Frameworks */,
				FC36F5EC20CB581F00165D04 /* Resources */,
			);
			buildRules = (
			);
			dependencies = (
			);
			name = App2mtwdm;
			productName = App2mtwdm;
			productReference = FC36F5EE20CB581F00165D04 /* App2mtwdm.app */;
			productType = "com.apple.product-type.application";
		};
/* End PBXNativeTarget section */

/* Begin PBXProject section */
		FC36F5E620CB581F00165D04 /* Project object */ = {
			isa = PBXProject;
			attributes = {
				LastSwiftUpdateCheck = 0940;
				LastUpgradeCheck = 0940;
				ORGANIZATIONNAME = "Felipe Hernandez";
				TargetAttributes = {
					FC36F5ED20CB581F00165D04 = {
						CreatedOnToolsVersion = 9.4;
					};
				};
			};
			buildConfigurationList = FC36F5E920CB581F00165D04 /* Build configuration list for PBXProject "App2mtwdm" */;
			compatibilityVersion = "Xcode 9.3";
			developmentRegion = en;
			hasScannedForEncodings = 0;
			knownRegions = (
				en,
				Base,
			);
			mainGroup = FC36F5E520CB581F00165D04;
			productRefGroup = FC36F5EF20CB581F00165D04 /* Products */;
			projectDirPath = "";
			projectRoot = "";
			targets = (
				FC36F5ED20CB581F00165D04 /* App2mtwdm */,
			);
		};
/* End PBXProject section */

/* Begin PBXResourcesBuildPhase section */
		FC36F5EC20CB581F00165D04 /* Resources */ = {
			isa = PBXResourcesBuildPhase;
			buildActionMask = 2147483647;
			files = (
				FC36F5F620CB582200165D04 /* Assets.xcassets in Resources */,
				FC36F60620CB602700165D04 /* informacion.png in Resources */,
				FC36F5F920CB582200165D04 /* Main.storyboard in Resources */,
			);
			runOnlyForDeploymentPostprocessing = 0;
		};
/* End PBXResourcesBuildPhase section */

/* Begin PBXSourcesBuildPhase section */
		FC36F5EA20CB581F00165D04 /* Sources */ = {
			isa = PBXSourcesBuildPhase;
			buildActionMask = 2147483647;
			files = (
				FC36F5F420CB581F00165D04 /* ViewController.swift in Sources */,
				FC36F60220CB5A0400165D04 /* CustomViewcontroller.swift in Sources */,
				FC36F5F220CB581F00165D04 /* AppDelegate.swift in Sources */,
			);
			runOnlyForDeploymentPostprocessing = 0;
		};
/* End PBXSourcesBuildPhase section */

/* Begin PBXVariantGroup section */
		FC36F5F720CB582200165D04 /* Main.storyboard */ = {
			isa = PBXVariantGroup;
			children = (
				FC36F5F820CB582200165D04 /* Base */,
			);
			name = Main.storyboard;
			sourceTree = "<group>";
		};
/* End PBXVariantGroup section */

/* Begin XCBuildConfiguration section */
		FC36F5FC20CB582200165D04 /* Debug */ = {
			isa = XCBuildConfiguration;
			buildSettings = {
				ALWAYS_SEARCH_USER_PATHS = NO;
				CLANG_ANALYZER_NONNULL = YES;
				CLANG_ANALYZER_NUMBER_OBJECT_CONVERSION = YES_AGGRESSIVE;
				CLANG_CXX_LANGUAGE_STANDARD = "gnu++14";
				CLANG_CXX_LIBRARY = "libc++";
				CLANG_ENABLE_MODULES = YES;
				CLANG_ENABLE_OBJC_ARC = YES;
				CLANG_ENABLE_OBJC_WEAK = YES;
				CLANG_WARN_BLOCK_CAPTURE_AUTORELEASING = YES;
				CLANG_WARN_BOOL_CONVERSION = YES;
				CLANG_WARN_COMMA = YES;
				CLANG_WARN_CONSTANT_CONVERSION = YES;
				CLANG_WARN_DEPRECATED_OBJC_IMPLEMENTATIONS = YES;
				CLANG_WARN_DIRECT_OBJC_ISA_USAGE = YES_ERROR;
				CLANG_WARN_DOCUMENTATION_COMMENTS = YES;
				CLANG_WARN_EMPTY_BODY = YES;
				CLANG_WARN_ENUM_CONVERSION = YES;
				CLANG_WARN_INFINITE_RECURSION = YES;
				CLANG_WARN_INT_CONVERSION = YES;
				CLANG_WARN_NON_LITERAL_NULL_CONVERSION = YES;
				CLANG_WARN_OBJC_IMPLICIT_RETAIN_SELF = YES;
				CLANG_WARN_OBJC_LITERAL_CONVERSION = YES;
				CLANG_WARN_OBJC_ROOT_CLASS = YES_ERROR;
				CLANG_WARN_RANGE_LOOP_ANALYSIS = YES;
				CLANG_WARN_STRICT_PROTOTYPES = YES;
				CLANG_WARN_SUSPICIOUS_MOVE = YES;
				CLANG_WARN_UNGUARDED_AVAILABILITY = YES_AGGRESSIVE;
				CLANG_WARN_UNREACHABLE_CODE = YES;
				CLANG_WARN__DUPLICATE_METHOD_MATCH = YES;
				CODE_SIGN_IDENTITY = "-";
				COPY_PHASE_STRIP = NO;
				DEBUG_INFORMATION_FORMAT = dwarf;
				ENABLE_STRICT_OBJC_MSGSEND = YES;
				ENABLE_TESTABILITY = YES;
				GCC_C_LANGUAGE_STANDARD = gnu11;
				GCC_DYNAMIC_NO_PIC = NO;
				GCC_NO_COMMON_BLOCKS = YES;
				GCC_OPTIMIZATION_LEVEL = 0;
				GCC_PREPROCESSOR_DEFINITIONS = (
					"DEBUG=1",
					"$(inherited)",
				);
				GCC_WARN_64_TO_32_BIT_CONVERSION = YES;
				GCC_WARN_ABOUT_RETURN_TYPE = YES_ERROR;
				GCC_WARN_UNDECLARED_SELECTOR = YES;
				GCC_WARN_UNINITIALIZED_AUTOS = YES_AGGRESSIVE;
				GCC_WARN_UNUSED_FUNCTION = YES;
				GCC_WARN_UNUSED_VARIABLE = YES;
				MACOSX_DEPLOYMENT_TARGET = 10.13;
				MTL_ENABLE_DEBUG_INFO = YES;
				ONLY_ACTIVE_ARCH = YES;
				SDKROOT = macosx;
				SWIFT_ACTIVE_COMPILATION_CONDITIONS = DEBUG;
				SWIFT_OPTIMIZATION_LEVEL = "-Onone";
			};
			name = Debug;
		};
		FC36F5FD20CB582200165D04 /* Release */ = {
			isa = XCBuildConfiguration;
			buildSettings = {
				ALWAYS_SEARCH_USER_PATHS = NO;
				CLANG_ANALYZER_NONNULL = YES;
				CLANG_ANALYZER_NUMBER_OBJECT_CONVERSION = YES_AGGRESSIVE;
				CLANG_CXX_LANGUAGE_STANDARD = "gnu++14";
				CLANG_CXX_LIBRARY = "libc++";
				CLANG_ENABLE_MODULES = YES;
				CLANG_ENABLE_OBJC_ARC = YES;
				CLANG_ENABLE_OBJC_WEAK = YES;
				CLANG_WARN_BLOCK_CAPTURE_AUTORELEASING = YES;
				CLANG_WARN_BOOL_CONVERSION = YES;
				CLANG_WARN_COMMA = YES;
				CLANG_WARN_CONSTANT_CONVERSION = YES;
				CLANG_WARN_DEPRECATED_OBJC_IMPLEMENTATIONS = YES;
				CLANG_WARN_DIRECT_OBJC_ISA_USAGE = YES_ERROR;
				CLANG_WARN_DOCUMENTATION_COMMENTS = YES;
				CLANG_WARN_EMPTY_BODY = YES;
				CLANG_WARN_ENUM_CONVERSION = YES;
				CLANG_WARN_INFINITE_RECURSION = YES;
				CLANG_WARN_INT_CONVERSION = YES;
				CLANG_WARN_NON_LITERAL_NULL_CONVERSION = YES;
				CLANG_WARN_OBJC_IMPLICIT_RETAIN_SELF = YES;
				CLANG_WARN_OBJC_LITERAL_CONVERSION = YES;
				CLANG_WARN_OBJC_ROOT_CLASS = YES_ERROR;
				CLANG_WARN_RANGE_LOOP_ANALYSIS = YES;
				CLANG_WARN_STRICT_PROTOTYPES = YES;
				CLANG_WARN_SUSPICIOUS_MOVE = YES;
				CLANG_WARN_UNGUARDED_AVAILABILITY = YES_AGGRESSIVE;
				CLANG_WARN_UNREACHABLE_CODE = YES;
				CLANG_WARN__DUPLICATE_METHOD_MATCH = YES;
				CODE_SIGN_IDENTITY = "-";
				COPY_PHASE_STRIP = NO;
				DEBUG_INFORMATION_FORMAT = "dwarf-with-dsym";
				ENABLE_NS_ASSERTIONS = NO;
				ENABLE_STRICT_OBJC_MSGSEND = YES;
				GCC_C_LANGUAGE_STANDARD = gnu11;
				GCC_NO_COMMON_BLOCKS = YES;
				GCC_WARN_64_TO_32_BIT_CONVERSION = YES;
				GCC_WARN_ABOUT_RETURN_TYPE = YES_ERROR;
				GCC_WARN_UNDECLARED_SELECTOR = YES;
				GCC_WARN_UNINITIALIZED_AUTOS = YES_AGGRESSIVE;
				GCC_WARN_UNUSED_FUNCTION = YES;
				GCC_WARN_UNUSED_VARIABLE = YES;
				MACOSX_DEPLOYMENT_TARGET = 10.13;
				MTL_ENABLE_DEBUG_INFO = NO;
				SDKROOT = macosx;
				SWIFT_COMPILATION_MODE = wholemodule;
				SWIFT_OPTIMIZATION_LEVEL = "-O";
			};
			name = Release;
		};
		FC36F5FF20CB582200165D04 /* Debug */ = {
			isa = XCBuildConfiguration;
			buildSettings = {
				ASSETCATALOG_COMPILER_APPICON_NAME = AppIcon;
				CODE_SIGN_ENTITLEMENTS = App2mtwdm/App2mtwdm.entitlements;
				CODE_SIGN_STYLE = Automatic;
				COMBINE_HIDPI_IMAGES = YES;
				INFOPLIST_FILE = App2mtwdm/Info.plist;
				LD_RUNPATH_SEARCH_PATHS = (
					"$(inherited)",
					"@executable_path/../Frameworks",
				);
				PRODUCT_BUNDLE_IDENTIFIER = com.felipehernandez.app1.App2mtwdm;
				PRODUCT_NAME = "$(TARGET_NAME)";
				SWIFT_VERSION = 4.0;
			};
			name = Debug;
		};
		FC36F60020CB582200165D04 /* Release */ = {
			isa = XCBuildConfiguration;
			buildSettings = {
				ASSETCATALOG_COMPILER_APPICON_NAME = AppIcon;
				CODE_SIGN_ENTITLEMENTS = App2mtwdm/App2mtwdm.entitlements;
				CODE_SIGN_STYLE = Automatic;
				COMBINE_HIDPI_IMAGES = YES;
				INFOPLIST_FILE = App2mtwdm/Info.plist;
				LD_RUNPATH_SEARCH_PATHS = (
					"$(inherited)",
					"@executable_path/../Frameworks",
				);
				PRODUCT_BUNDLE_IDENTIFIER = com.felipehernandez.app1.App2mtwdm;
				PRODUCT_NAME = "$(TARGET_NAME)";
				SWIFT_VERSION = 4.0;
			};
			name = Release;
		};
/* End XCBuildConfiguration section */

/* Begin XCConfigurationList section */
		FC36F5E920CB581F00165D04 /* Build configuration list for PBXProject "App2mtwdm" */ = {
			isa = XCConfigurationList;
			buildConfigurations = (
				FC36F5FC20CB582200165D04 /* Debug */,
				FC36F5FD20CB582200165D04 /* Release */,
			);
			defaultConfigurationIsVisible = 0;
			defaultConfigurationName = Release;
		};
		FC36F5FE20CB582200165D04 /* Build configuration list for PBXNativeTarget "App2mtwdm" */ = {
			isa = XCConfigurationList;
			buildConfigurations = (
				FC36F5FF20CB582200165D04 /* Debug */,
				FC36F60020CB582200165D04 /* Release */,
			);
			defaultConfigurationIsVisible = 0;
			defaultConfigurationName = Release;
		};
/* End XCConfigurationList section */
	};
	rootObject = FC36F5E620CB581F00165D04 /* Project object */;
}
